
Microsoft Visual Studio Solution File, Format Version 12.00
# Visual Studio 15
VisualStudioVersion = 15.0.26124.0
MinimumVisualStudioVersion = 15.0.26124.0
Project("{FAE04EC0-301F-11D3-BF4B-00C04F79EFBC}") = "MVC", "MVC\MVC.csproj", "{29ABF666-5588-498F-99EC-397D70E287F4}"
EndProject
Project("{FAE04EC0-301F-11D3-BF4B-00C04F79EFBC}") = "PRPCRepositoryLib", "PRPCRepositoryLib\PRPCRepositoryLib.csproj", "{AFFE8D0A-3EE8-487D-9BDF-A7A90F7F2EF2}"
EndProject
Project("{FAE04EC0-301F-11D3-BF4B-00C04F79EFBC}") = "PRPCTestClient", "PRPCTestClient\PRPCTestClient.csproj", "{70CB0AB1-D19F-47C7-8D7B-1C2385A64D16}"
EndProject
Project("{FAE04EC0-301F-11D3-BF4B-00C04F79EFBC}") = "SendGridLib", "SendGridLib\SendGridLib.csproj", "{0EA1DD38-110C-4393-BEA8-D48431E4A9B2}"
EndProject
Project("{FAE04EC0-301F-11D3-BF4B-00C04F79EFBC}") = "SMSVerifyLib", "SMSVerifyLib\SMSVerifyLib.csproj", "{69884AD1-8F54-4E18-823D-CF4A0F1CAB89}"
EndProject
Project("{FAE04EC0-301F-11D3-BF4B-00C04F79EFBC}") = "OAuthLib", "OAuthLib\OAuthLib.csproj", "{49734E7F-23F4-407F-A37B-811E9D6253CF}"
EndProject
Global
	GlobalSection(SolutionConfigurationPlatforms) = preSolution
		Debug|Any CPU = Debug|Any CPU
		Debug|x64 = Debug|x64
		Debug|x86 = Debug|x86
		Release|Any CPU = Release|Any CPU
		Release|x64 = Release|x64
		Release|x86 = Release|x86
	EndGlobalSection
	GlobalSection(SolutionProperties) = preSolution
		HideSolutionNode = FALSE
	EndGlobalSection
	GlobalSection(ProjectConfigurationPlatforms) = postSolution
		{29ABF666-5588-498F-99EC-397D70E287F4}.Debug|Any CPU.ActiveCfg = Debug|Any CPU
		{29ABF666-5588-498F-99EC-397D70E287F4}.Debug|Any CPU.Build.0 = Debug|Any CPU
		{29ABF666-5588-498F-99EC-397D70E287F4}.Debug|x64.ActiveCfg = Debug|Any CPU
		{29ABF666-5588-498F-99EC-397D70E287F4}.Debug|x64.Build.0 = Debug|Any CPU
		{29ABF666-5588-498F-99EC-397D70E287F4}.Debug|x86.ActiveCfg = Debug|Any CPU
		{29ABF666-5588-498F-99EC-397D70E287F4}.Debug|x86.Build.0 = Debug|Any CPU
		{29ABF666-5588-498F-99EC-397D70E287F4}.Release|Any CPU.ActiveCfg = Release|Any CPU
		{29ABF666-5588-498F-99EC-397D70E287F4}.Release|Any CPU.Build.0 = Release|Any CPU
		{29ABF666-5588-498F-99EC-397D70E287F4}.Release|x64.ActiveCfg = Release|Any CPU
		{29ABF666-5588-498F-99EC-397D70E287F4}.Release|x64.Build.0 = Release|Any CPU
		{29ABF666-5588-498F-99EC-397D70E287F4}.Release|x86.ActiveCfg = Release|Any CPU
		{29ABF666-5588-498F-99EC-397D70E287F4}.Release|x86.Build.0 = Release|Any CPU
		{AFFE8D0A-3EE8-487D-9BDF-A7A90F7F2EF2}.Debug|Any CPU.ActiveCfg = Debug|Any CPU
		{AFFE8D0A-3EE8-487D-9BDF-A7A90F7F2EF2}.Debug|Any CPU.Build.0 = Debug|Any CPU
		{AFFE8D0A-3EE8-487D-9BDF-A7A90F7F2EF2}.Debug|x64.ActiveCfg = Debug|Any CPU
		{AFFE8D0A-3EE8-487D-9BDF-A7A90F7F2EF2}.Debug|x64.Build.0 = Debug|Any CPU
		{AFFE8D0A-3EE8-487D-9BDF-A7A90F7F2EF2}.Debug|x86.ActiveCfg = Debug|Any CPU
		{AFFE8D0A-3EE8-487D-9BDF-A7A90F7F2EF2}.Debug|x86.Build.0 = Debug|Any CPU
		{AFFE8D0A-3EE8-487D-9BDF-A7A90F7F2EF2}.Release|Any CPU.ActiveCfg = Release|Any CPU
		{AFFE8D0A-3EE8-487D-9BDF-A7A90F7F2EF2}.Release|Any CPU.Build.0 = Release|Any CPU
		{AFFE8D0A-3EE8-487D-9BDF-A7A90F7F2EF2}.Release|x64.ActiveCfg = Release|Any CPU
		{AFFE8D0A-3EE8-487D-9BDF-A7A90F7F2EF2}.Release|x64.Build.0 = Release|Any CPU
		{AFFE8D0A-3EE8-487D-9BDF-A7A90F7F2EF2}.Release|x86.ActiveCfg = Release|Any CPU
		{AFFE8D0A-3EE8-487D-9BDF-A7A90F7F2EF2}.Release|x86.Build.0 = Release|Any CPU
		{70CB0AB1-D19F-47C7-8D7B-1C2385A64D16}.Debug|Any CPU.ActiveCfg = Debug|Any CPU
		{70CB0AB1-D19F-47C7-8D7B-1C2385A64D16}.Debug|Any CPU.Build.0 = Debug|Any CPU
		{70CB0AB1-D19F-47C7-8D7B-1C2385A64D16}.Debug|x64.ActiveCfg = Debug|Any CPU
		{70CB0AB1-D19F-47C7-8D7B-1C2385A64D16}.Debug|x64.Build.0 = Debug|Any CPU
		{70CB0AB1-D19F-47C7-8D7B-1C2385A64D16}.Debug|x86.ActiveCfg = Debug|Any CPU
		{70CB0AB1-D19F-47C7-8D7B-1C2385A64D16}.Debug|x86.Build.0 = Debug|Any CPU
		{70CB0AB1-D19F-47C7-8D7B-1C2385A64D16}.Release|Any CPU.ActiveCfg = Release|Any CPU
		{70CB0AB1-D19F-47C7-8D7B-1C2385A64D16}.Release|Any CPU.Build.0 = Release|Any CPU
		{70CB0AB1-D19F-47C7-8D7B-1C2385A64D16}.Release|x64.ActiveCfg = Release|Any CPU
		{70CB0AB1-D19F-47C7-8D7B-1C2385A64D16}.Release|x64.Build.0 = Release|Any CPU
		{70CB0AB1-D19F-47C7-8D7B-1C2385A64D16}.Release|x86.ActiveCfg = Release|Any CPU
		{70CB0AB1-D19F-47C7-8D7B-1C2385A64D16}.Release|x86.Build.0 = Release|Any CPU
		{0EA1DD38-110C-4393-BEA8-D48431E4A9B2}.Debug|Any CPU.ActiveCfg = Debug|Any CPU
		{0EA1DD38-110C-4393-BEA8-D48431E4A9B2}.Debug|Any CPU.Build.0 = Debug|Any CPU
		{0EA1DD38-110C-4393-BEA8-D48431E4A9B2}.Debug|x64.ActiveCfg = Debug|Any CPU
		{0EA1DD38-110C-4393-BEA8-D48431E4A9B2}.Debug|x64.Build.0 = Debug|Any CPU
		{0EA1DD38-110C-4393-BEA8-D48431E4A9B2}.Debug|x86.ActiveCfg = Debug|Any CPU
		{0EA1DD38-110C-4393-BEA8-D48431E4A9B2}.Debug|x86.Build.0 = Debug|Any CPU
		{0EA1DD38-110C-4393-BEA8-D48431E4A9B2}.Release|Any CPU.ActiveCfg = Release|Any CPU
		{0EA1DD38-110C-4393-BEA8-D48431E4A9B2}.Release|Any CPU.Build.0 = Release|Any CPU
		{0EA1DD38-110C-4393-BEA8-D48431E4A9B2}.Release|x64.ActiveCfg = Release|Any CPU
		{0EA1DD38-110C-4393-BEA8-D48431E4A9B2}.Release|x64.Build.0 = Release|Any CPU
		{0EA1DD38-110C-4393-BEA8-D48431E4A9B2}.Release|x86.ActiveCfg = Release|Any CPU
		{0EA1DD38-110C-4393-BEA8-D48431E4A9B2}.Release|x86.Build.0 = Release|Any CPU
		{69884AD1-8F54-4E18-823D-CF4A0F1CAB89}.Debug|Any CPU.ActiveCfg = Debug|Any CPU
		{69884AD1-8F54-4E18-823D-CF4A0F1CAB89}.Debug|Any CPU.Build.0 = Debug|Any CPU
		{69884AD1-8F54-4E18-823D-CF4A0F1CAB89}.Debug|x64.ActiveCfg = Debug|Any CPU
		{69884AD1-8F54-4E18-823D-CF4A0F1CAB89}.Debug|x64.Build.0 = Debug|Any CPU
		{69884AD1-8F54-4E18-823D-CF4A0F1CAB89}.Debug|x86.ActiveCfg = Debug|Any CPU
		{69884AD1-8F54-4E18-823D-CF4A0F1CAB89}.Debug|x86.Build.0 = Debug|Any CPU
		{69884AD1-8F54-4E18-823D-CF4A0F1CAB89}.Release|Any CPU.ActiveCfg = Release|Any CPU
		{69884AD1-8F54-4E18-823D-CF4A0F1CAB89}.Release|Any CPU.Build.0 = Release|Any CPU
		{69884AD1-8F54-4E18-823D-CF4A0F1CAB89}.Release|x64.ActiveCfg = Release|Any CPU
		{69884AD1-8F54-4E18-823D-CF4A0F1CAB89}.Release|x64.Build.0 = Release|Any CPU
		{69884AD1-8F54-4E18-823D-CF4A0F1CAB89}.Release|x86.ActiveCfg = Release|Any CPU
		{69884AD1-8F54-4E18-823D-CF4A0F1CAB89}.Release|x86.Build.0 = Release|Any CPU
		{49734E7F-23F4-407F-A37B-811E9D6253CF}.Debug|Any CPU.ActiveCfg = Debug|Any CPU
		{49734E7F-23F4-407F-A37B-811E9D6253CF}.Debug|Any CPU.Build.0 = Debug|Any CPU
		{49734E7F-23F4-407F-A37B-811E9D6253CF}.Debug|x64.ActiveCfg = Debug|Any CPU
		{49734E7F-23F4-407F-A37B-811E9D6253CF}.Debug|x64.Build.0 = Debug|Any CPU
		{49734E7F-23F4-407F-A37B-811E9D6253CF}.Debug|x86.ActiveCfg = Debug|Any CPU
		{49734E7F-23F4-407F-A37B-811E9D6253CF}.Debug|x86.Build.0 = Debug|Any CPU
		{49734E7F-23F4-407F-A37B-811E9D6253CF}.Release|Any CPU.ActiveCfg = Release|Any CPU
		{49734E7F-23F4-407F-A37B-811E9D6253CF}.Release|Any CPU.Build.0 = Release|Any CPU
		{49734E7F-23F4-407F-A37B-811E9D6253CF}.Release|x64.ActiveCfg = Release|Any CPU
		{49734E7F-23F4-407F-A37B-811E9D6253CF}.Release|x64.Build.0 = Release|Any CPU
		{49734E7F-23F4-407F-A37B-811E9D6253CF}.Release|x86.ActiveCfg = Release|Any CPU
		{49734E7F-23F4-407F-A37B-811E9D6253CF}.Release|x86.Build.0 = Release|Any CPU
	EndGlobalSection
EndGlobal
