
Microsoft Visual Studio Solution File, Format Version 12.00
# Visual Studio 15
VisualStudioVersion = 15.0.26124.0
MinimumVisualStudioVersion = 15.0.26124.0
Project("{FAE04EC0-301F-11D3-BF4B-00C04F79EFBC}") = "SMSVerifyLib", "SMSVerifyLib\SMSVerifyLib.csproj", "{859ADDA3-44DC-4D63-8A65-AAB970D7117A}"
EndProject
Project("{FAE04EC0-301F-11D3-BF4B-00C04F79EFBC}") = "SendGridLib", "SendGridLib\SendGridLib.csproj", "{C5A385E9-A3F4-4033-A14E-05E5BE6B80BC}"
EndProject
Project("{FAE04EC0-301F-11D3-BF4B-00C04F79EFBC}") = "PRPCRepository", "PRPCRepository\PRPCRepository.csproj", "{B45DDF23-3C8C-4F57-9258-68C8F242DAA5}"
EndProject
Global
	GlobalSection(SolutionConfigurationPlatforms) = preSolution
		Debug|Any CPU = Debug|Any CPU
		Debug|x64 = Debug|x64
		Debug|x86 = Debug|x86
		Release|Any CPU = Release|Any CPU
		Release|x64 = Release|x64
		Release|x86 = Release|x86
	EndGlobalSection
	GlobalSection(SolutionProperties) = preSolution
		HideSolutionNode = FALSE
	EndGlobalSection
	GlobalSection(ProjectConfigurationPlatforms) = postSolution
		{859ADDA3-44DC-4D63-8A65-AAB970D7117A}.Debug|Any CPU.ActiveCfg = Debug|Any CPU
		{859ADDA3-44DC-4D63-8A65-AAB970D7117A}.Debug|Any CPU.Build.0 = Debug|Any CPU
		{859ADDA3-44DC-4D63-8A65-AAB970D7117A}.Debug|x64.ActiveCfg = Debug|Any CPU
		{859ADDA3-44DC-4D63-8A65-AAB970D7117A}.Debug|x64.Build.0 = Debug|Any CPU
		{859ADDA3-44DC-4D63-8A65-AAB970D7117A}.Debug|x86.ActiveCfg = Debug|Any CPU
		{859ADDA3-44DC-4D63-8A65-AAB970D7117A}.Debug|x86.Build.0 = Debug|Any CPU
		{859ADDA3-44DC-4D63-8A65-AAB970D7117A}.Release|Any CPU.ActiveCfg = Release|Any CPU
		{859ADDA3-44DC-4D63-8A65-AAB970D7117A}.Release|Any CPU.Build.0 = Release|Any CPU
		{859ADDA3-44DC-4D63-8A65-AAB970D7117A}.Release|x64.ActiveCfg = Release|Any CPU
		{859ADDA3-44DC-4D63-8A65-AAB970D7117A}.Release|x64.Build.0 = Release|Any CPU
		{859ADDA3-44DC-4D63-8A65-AAB970D7117A}.Release|x86.ActiveCfg = Release|Any CPU
		{859ADDA3-44DC-4D63-8A65-AAB970D7117A}.Release|x86.Build.0 = Release|Any CPU
		{C5A385E9-A3F4-4033-A14E-05E5BE6B80BC}.Debug|Any CPU.ActiveCfg = Debug|Any CPU
		{C5A385E9-A3F4-4033-A14E-05E5BE6B80BC}.Debug|Any CPU.Build.0 = Debug|Any CPU
		{C5A385E9-A3F4-4033-A14E-05E5BE6B80BC}.Debug|x64.ActiveCfg = Debug|Any CPU
		{C5A385E9-A3F4-4033-A14E-05E5BE6B80BC}.Debug|x64.Build.0 = Debug|Any CPU
		{C5A385E9-A3F4-4033-A14E-05E5BE6B80BC}.Debug|x86.ActiveCfg = Debug|Any CPU
		{C5A385E9-A3F4-4033-A14E-05E5BE6B80BC}.Debug|x86.Build.0 = Debug|Any CPU
		{C5A385E9-A3F4-4033-A14E-05E5BE6B80BC}.Release|Any CPU.ActiveCfg = Release|Any CPU
		{C5A385E9-A3F4-4033-A14E-05E5BE6B80BC}.Release|Any CPU.Build.0 = Release|Any CPU
		{C5A385E9-A3F4-4033-A14E-05E5BE6B80BC}.Release|x64.ActiveCfg = Release|Any CPU
		{C5A385E9-A3F4-4033-A14E-05E5BE6B80BC}.Release|x64.Build.0 = Release|Any CPU
		{C5A385E9-A3F4-4033-A14E-05E5BE6B80BC}.Release|x86.ActiveCfg = Release|Any CPU
		{C5A385E9-A3F4-4033-A14E-05E5BE6B80BC}.Release|x86.Build.0 = Release|Any CPU
		{B45DDF23-3C8C-4F57-9258-68C8F242DAA5}.Debug|Any CPU.ActiveCfg = Debug|Any CPU
		{B45DDF23-3C8C-4F57-9258-68C8F242DAA5}.Debug|Any CPU.Build.0 = Debug|Any CPU
		{B45DDF23-3C8C-4F57-9258-68C8F242DAA5}.Debug|x64.ActiveCfg = Debug|Any CPU
		{B45DDF23-3C8C-4F57-9258-68C8F242DAA5}.Debug|x64.Build.0 = Debug|Any CPU
		{B45DDF23-3C8C-4F57-9258-68C8F242DAA5}.Debug|x86.ActiveCfg = Debug|Any CPU
		{B45DDF23-3C8C-4F57-9258-68C8F242DAA5}.Debug|x86.Build.0 = Debug|Any CPU
		{B45DDF23-3C8C-4F57-9258-68C8F242DAA5}.Release|Any CPU.ActiveCfg = Release|Any CPU
		{B45DDF23-3C8C-4F57-9258-68C8F242DAA5}.Release|Any CPU.Build.0 = Release|Any CPU
		{B45DDF23-3C8C-4F57-9258-68C8F242DAA5}.Release|x64.ActiveCfg = Release|Any CPU
		{B45DDF23-3C8C-4F57-9258-68C8F242DAA5}.Release|x64.Build.0 = Release|Any CPU
		{B45DDF23-3C8C-4F57-9258-68C8F242DAA5}.Release|x86.ActiveCfg = Release|Any CPU
		{B45DDF23-3C8C-4F57-9258-68C8F242DAA5}.Release|x86.Build.0 = Release|Any CPU
	EndGlobalSection
EndGlobal
